
Microsoft Visual Studio Solution File, Format Version 12.00
# Visual Studio Version 17
VisualStudioVersion = 17.14.36811.4 d17.14
MinimumVisualStudioVersion = 10.0.40219.1
Project("{FAE04EC0-301F-11D3-BF4B-00C04F79EFBC}") = "GestionSecuencias.Api", "GestionSecuencias\GestionSecuencias.Api.csproj", "{D63FD33F-EC4D-4637-A7E3-76BFE29A918F}"
EndProject
Project("{FAE04EC0-301F-11D3-BF4B-00C04F79EFBC}") = "GestionSecuencias.Dto", "GestionSecuencias.Dto\GestionSecuencias.Dto.csproj", "{18312C2F-21E9-4F01-A5C7-F1446DAB031A}"
EndProject
Project("{FAE04EC0-301F-11D3-BF4B-00C04F79EFBC}") = "GestionSecuencias.Library", "GestionSecuencias.Library\GestionSecuencias.Library.csproj", "{122589AE-6A0F-40B4-A3D3-FDAF3D24A930}"
EndProject
Project("{FAE04EC0-301F-11D3-BF4B-00C04F79EFBC}") = "GestionSecuencias.Services", "GestionSecuencias.Services\GestionSecuencias.Services.csproj", "{7F8F1A64-DB82-4152-A3BF-DCF98809485A}"
EndProject
Global
	GlobalSection(SolutionConfigurationPlatforms) = preSolution
		Debug|Any CPU = Debug|Any CPU
		Release|Any CPU = Release|Any CPU
	EndGlobalSection
	GlobalSection(ProjectConfigurationPlatforms) = postSolution
		{D63FD33F-EC4D-4637-A7E3-76BFE29A918F}.Debug|Any CPU.ActiveCfg = Debug|Any CPU
		{D63FD33F-EC4D-4637-A7E3-76BFE29A918F}.Debug|Any CPU.Build.0 = Debug|Any CPU
		{D63FD33F-EC4D-4637-A7E3-76BFE29A918F}.Release|Any CPU.ActiveCfg = Release|Any CPU
		{D63FD33F-EC4D-4637-A7E3-76BFE29A918F}.Release|Any CPU.Build.0 = Release|Any CPU
		{18312C2F-21E9-4F01-A5C7-F1446DAB031A}.Debug|Any CPU.ActiveCfg = Debug|Any CPU
		{18312C2F-21E9-4F01-A5C7-F1446DAB031A}.Debug|Any CPU.Build.0 = Debug|Any CPU
		{18312C2F-21E9-4F01-A5C7-F1446DAB031A}.Release|Any CPU.ActiveCfg = Release|Any CPU
		{18312C2F-21E9-4F01-A5C7-F1446DAB031A}.Release|Any CPU.Build.0 = Release|Any CPU
		{122589AE-6A0F-40B4-A3D3-FDAF3D24A930}.Debug|Any CPU.ActiveCfg = Debug|Any CPU
		{122589AE-6A0F-40B4-A3D3-FDAF3D24A930}.Debug|Any CPU.Build.0 = Debug|Any CPU
		{122589AE-6A0F-40B4-A3D3-FDAF3D24A930}.Release|Any CPU.ActiveCfg = Release|Any CPU
		{122589AE-6A0F-40B4-A3D3-FDAF3D24A930}.Release|Any CPU.Build.0 = Release|Any CPU
		{7F8F1A64-DB82-4152-A3BF-DCF98809485A}.Debug|Any CPU.ActiveCfg = Debug|Any CPU
		{7F8F1A64-DB82-4152-A3BF-DCF98809485A}.Debug|Any CPU.Build.0 = Debug|Any CPU
		{7F8F1A64-DB82-4152-A3BF-DCF98809485A}.Release|Any CPU.ActiveCfg = Release|Any CPU
		{7F8F1A64-DB82-4152-A3BF-DCF98809485A}.Release|Any CPU.Build.0 = Release|Any CPU
	EndGlobalSection
	GlobalSection(SolutionProperties) = preSolution
		HideSolutionNode = FALSE
	EndGlobalSection
	GlobalSection(ExtensibilityGlobals) = postSolution
		SolutionGuid = {D0D27B89-9B3C-4F56-8777-635AB4498D9B}
	EndGlobalSection
EndGlobal
